
Microsoft Visual Studio Solution File, Format Version 12.00
# Visual Studio Version 17
VisualStudioVersion = 17.4.33403.182
MinimumVisualStudioVersion = 10.0.40219.1
Project("{9A19103F-16F7-4668-BE54-9A1E7A4F7556}") = "KUSYS-Demo.WebApp", "KUSYS-Demo.WebApp\KUSYS-Demo.WebApp.csproj", "{D650596F-7A04-434C-964C-AB379B6566F4}"
EndProject
Project("{9A19103F-16F7-4668-BE54-9A1E7A4F7556}") = "KUSYS-Demo.DataAccess", "..\KUSYS-Demo.DataAccess\KUSYS-Demo.DataAccess\KUSYS-Demo.DataAccess.csproj", "{ED8B200B-D096-4764-8158-835537034D08}"
EndProject
Project("{9A19103F-16F7-4668-BE54-9A1E7A4F7556}") = "KUSYS-Demo.Business", "..\KUSYS-Demo.Services\KUSYS-Demo.Services\KUSYS-Demo.Business.csproj", "{565421B1-4E78-4C94-AEBA-6EBE58BA2E08}"
EndProject
Global
	GlobalSection(SolutionConfigurationPlatforms) = preSolution
		Debug|Any CPU = Debug|Any CPU
		Release|Any CPU = Release|Any CPU
	EndGlobalSection
	GlobalSection(ProjectConfigurationPlatforms) = postSolution
		{D650596F-7A04-434C-964C-AB379B6566F4}.Debug|Any CPU.ActiveCfg = Debug|Any CPU
		{D650596F-7A04-434C-964C-AB379B6566F4}.Debug|Any CPU.Build.0 = Debug|Any CPU
		{D650596F-7A04-434C-964C-AB379B6566F4}.Release|Any CPU.ActiveCfg = Release|Any CPU
		{D650596F-7A04-434C-964C-AB379B6566F4}.Release|Any CPU.Build.0 = Release|Any CPU
		{ED8B200B-D096-4764-8158-835537034D08}.Debug|Any CPU.ActiveCfg = Debug|Any CPU
		{ED8B200B-D096-4764-8158-835537034D08}.Debug|Any CPU.Build.0 = Debug|Any CPU
		{ED8B200B-D096-4764-8158-835537034D08}.Release|Any CPU.ActiveCfg = Release|Any CPU
		{ED8B200B-D096-4764-8158-835537034D08}.Release|Any CPU.Build.0 = Release|Any CPU
		{565421B1-4E78-4C94-AEBA-6EBE58BA2E08}.Debug|Any CPU.ActiveCfg = Debug|Any CPU
		{565421B1-4E78-4C94-AEBA-6EBE58BA2E08}.Debug|Any CPU.Build.0 = Debug|Any CPU
		{565421B1-4E78-4C94-AEBA-6EBE58BA2E08}.Release|Any CPU.ActiveCfg = Release|Any CPU
		{565421B1-4E78-4C94-AEBA-6EBE58BA2E08}.Release|Any CPU.Build.0 = Release|Any CPU
	EndGlobalSection
	GlobalSection(SolutionProperties) = preSolution
		HideSolutionNode = FALSE
	EndGlobalSection
	GlobalSection(ExtensibilityGlobals) = postSolution
		SolutionGuid = {64F06A4B-3BB0-4828-BFB9-9E9222F7EAEE}
	EndGlobalSection
EndGlobal
